
Microsoft Visual Studio Solution File, Format Version 12.00
# Visual Studio Version 17
VisualStudioVersion = 17.2.32516.85
MinimumVisualStudioVersion = 10.0.40219.1
Project("{2150E333-8FDC-42A3-9474-1A3956D46DE8}") = "FrontEnd", "FrontEnd", "{F0BD79DC-659E-4827-9345-5FCC7CD199B1}"
EndProject
Project("{2150E333-8FDC-42A3-9474-1A3956D46DE8}") = "Services", "Services", "{751F820C-0CE0-42AF-8D92-C85D39BE6774}"
EndProject
Project("{FAE04EC0-301F-11D3-BF4B-00C04F79EFBC}") = "GeekShopping.Web", "GeekShopping.Web\GeekShopping.Web.csproj", "{CE61F0BD-37C3-4D0C-ABB6-C9BCCEFB176A}"
EndProject
Project("{FAE04EC0-301F-11D3-BF4B-00C04F79EFBC}") = "GeekShopping.ProductAPI", "GeekShopping.ProductAPI\GeekShopping.ProductAPI.csproj", "{1FE958FE-50FE-4C3B-BFD6-91A799E58B78}"
EndProject
Global
	GlobalSection(SolutionConfigurationPlatforms) = preSolution
		Debug|Any CPU = Debug|Any CPU
		Release|Any CPU = Release|Any CPU
	EndGlobalSection
	GlobalSection(ProjectConfigurationPlatforms) = postSolution
		{CE61F0BD-37C3-4D0C-ABB6-C9BCCEFB176A}.Debug|Any CPU.ActiveCfg = Debug|Any CPU
		{CE61F0BD-37C3-4D0C-ABB6-C9BCCEFB176A}.Debug|Any CPU.Build.0 = Debug|Any CPU
		{CE61F0BD-37C3-4D0C-ABB6-C9BCCEFB176A}.Release|Any CPU.ActiveCfg = Release|Any CPU
		{CE61F0BD-37C3-4D0C-ABB6-C9BCCEFB176A}.Release|Any CPU.Build.0 = Release|Any CPU
		{1FE958FE-50FE-4C3B-BFD6-91A799E58B78}.Debug|Any CPU.ActiveCfg = Debug|Any CPU
		{1FE958FE-50FE-4C3B-BFD6-91A799E58B78}.Debug|Any CPU.Build.0 = Debug|Any CPU
		{1FE958FE-50FE-4C3B-BFD6-91A799E58B78}.Release|Any CPU.ActiveCfg = Release|Any CPU
		{1FE958FE-50FE-4C3B-BFD6-91A799E58B78}.Release|Any CPU.Build.0 = Release|Any CPU
	EndGlobalSection
	GlobalSection(SolutionProperties) = preSolution
		HideSolutionNode = FALSE
	EndGlobalSection
	GlobalSection(NestedProjects) = preSolution
		{CE61F0BD-37C3-4D0C-ABB6-C9BCCEFB176A} = {F0BD79DC-659E-4827-9345-5FCC7CD199B1}
		{1FE958FE-50FE-4C3B-BFD6-91A799E58B78} = {751F820C-0CE0-42AF-8D92-C85D39BE6774}
	EndGlobalSection
	GlobalSection(ExtensibilityGlobals) = postSolution
		SolutionGuid = {685251EF-F458-4328-AEAD-EC2B0D848CBB}
	EndGlobalSection
EndGlobal
